
Microsoft Visual Studio Solution File, Format Version 12.00
# Visual Studio 15
VisualStudioVersion = 15.0.27130.2027
MinimumVisualStudioVersion = 10.0.40219.1
Project("{FAE04EC0-301F-11D3-BF4B-00C04F79EFBC}") = "Web.Api.PizzaSoft", "Web.Api.PizzaSoft\Web.Api.PizzaSoft.csproj", "{2FFBF142-CC0B-4BC8-929F-6B8708276759}"
EndProject
Global
	GlobalSection(SolutionConfigurationPlatforms) = preSolution
		Debug|Any CPU = Debug|Any CPU
		Release|Any CPU = Release|Any CPU
	EndGlobalSection
	GlobalSection(ProjectConfigurationPlatforms) = postSolution
		{2FFBF142-CC0B-4BC8-929F-6B8708276759}.Debug|Any CPU.ActiveCfg = Debug|Any CPU
		{2FFBF142-CC0B-4BC8-929F-6B8708276759}.Debug|Any CPU.Build.0 = Debug|Any CPU
		{2FFBF142-CC0B-4BC8-929F-6B8708276759}.Release|Any CPU.ActiveCfg = Release|Any CPU
		{2FFBF142-CC0B-4BC8-929F-6B8708276759}.Release|Any CPU.Build.0 = Release|Any CPU
	EndGlobalSection
	GlobalSection(SolutionProperties) = preSolution
		HideSolutionNode = FALSE
	EndGlobalSection
	GlobalSection(ExtensibilityGlobals) = postSolution
		SolutionGuid = {40B69920-DCC7-4E45-9B0E-4673CC88C3C4}
	EndGlobalSection
EndGlobal
